{
  "name": "task-8",
  "lockfileVersion": 2,
  "requires": true,
  "packages": {
    "": {
      "dependencies": {
        "asfk": "^1.0.0"
      }
    },
    "node_modules/asfk": {
      "version": "1.0.0",
      "resolved": "https://registry.npmjs.org/asfk/-/asfk-1.0.0.tgz",
      "integrity": "sha512-E+UfEoMKqF22cB8xjq3c5IcQGb0H6CKfaFslgmdt7VExAUNRolZzf0QYJG9RZbtBtjHJ1L+wZfQxZPHUV8DqYg=="
    }
  },
  "dependencies": {
    "asfk": {
      "version": "1.0.0",
      "resolved": "https://registry.npmjs.org/asfk/-/asfk-1.0.0.tgz",
      "integrity": "sha512-E+UfEoMKqF22cB8xjq3c5IcQGb0H6CKfaFslgmdt7VExAUNRolZzf0QYJG9RZbtBtjHJ1L+wZfQxZPHUV8DqYg=="
    }
  }
}
